
Microsoft Visual Studio Solution File, Format Version 12.00
# Visual Studio 15
VisualStudioVersion = 15.0.27428.2037
MinimumVisualStudioVersion = 10.0.40219.1
Project("{FAE04EC0-301F-11D3-BF4B-00C04F79EFBC}") = "EvaluacionDocenteULSA", "EvaluacionDocenteULSA\EvaluacionDocenteULSA.csproj", "{FC0558AF-4A1E-4328-BB25-EB6325FEC0DA}"
EndProject
Global
	GlobalSection(SolutionConfigurationPlatforms) = preSolution
		Debug|Any CPU = Debug|Any CPU
		Release|Any CPU = Release|Any CPU
	EndGlobalSection
	GlobalSection(ProjectConfigurationPlatforms) = postSolution
		{FC0558AF-4A1E-4328-BB25-EB6325FEC0DA}.Debug|Any CPU.ActiveCfg = Debug|Any CPU
		{FC0558AF-4A1E-4328-BB25-EB6325FEC0DA}.Debug|Any CPU.Build.0 = Debug|Any CPU
		{FC0558AF-4A1E-4328-BB25-EB6325FEC0DA}.Release|Any CPU.ActiveCfg = Release|Any CPU
		{FC0558AF-4A1E-4328-BB25-EB6325FEC0DA}.Release|Any CPU.Build.0 = Release|Any CPU
	EndGlobalSection
	GlobalSection(SolutionProperties) = preSolution
		HideSolutionNode = FALSE
	EndGlobalSection
	GlobalSection(ExtensibilityGlobals) = postSolution
		SolutionGuid = {070E8B53-C2E7-4045-8EFF-4912F7BA986D}
	EndGlobalSection
EndGlobal
